// !$*UTF8*$!
{
	archiveVersion = 1;
	classes = {
	};
	objectVersion = 56;
	objects = {

/* Begin PBXBuildFile section */
		0B209ADA2BE64181008C6E8C /* IntroScene.swift in Sources */ = {isa = PBXBuildFile; fileRef = 0B209AD92BE64181008C6E8C /* IntroScene.swift */; };
		0B209ADC2BE649CB008C6E8C /* space-ambient.mp3 in Resources */ = {isa = PBXBuildFile; fileRef = 0B209ADB2BE649CB008C6E8C /* space-ambient.mp3 */; };
		0B209ADE2BE64AFC008C6E8C /* TransitionDustScene.swift in Sources */ = {isa = PBXBuildFile; fileRef = 0B209ADD2BE64AFC008C6E8C /* TransitionDustScene.swift */; };
		0B209AE02BE64BE7008C6E8C /* strom-desert.mp3 in Resources */ = {isa = PBXBuildFile; fileRef = 0B209ADF2BE64BE7008C6E8C /* strom-desert.mp3 */; };
		0B6B07932BE6363800E25AC6 /* dontdieinmarsNanoApp.swift in Sources */ = {isa = PBXBuildFile; fileRef = 0B6B07922BE6363800E25AC6 /* dontdieinmarsNanoApp.swift */; };
		0B6B07952BE6363800E25AC6 /* ContentView.swift in Sources */ = {isa = PBXBuildFile; fileRef = 0B6B07942BE6363800E25AC6 /* ContentView.swift */; };
		0B6B07972BE6363900E25AC6 /* Assets.xcassets in Resources */ = {isa = PBXBuildFile; fileRef = 0B6B07962BE6363900E25AC6 /* Assets.xcassets */; };
		0B6B079A2BE6363900E25AC6 /* Preview Assets.xcassets in Resources */ = {isa = PBXBuildFile; fileRef = 0B6B07992BE6363900E25AC6 /* Preview Assets.xcassets */; };
		0B6B07A42BE6363900E25AC6 /* dontdieinmarsNanoTests.swift in Sources */ = {isa = PBXBuildFile; fileRef = 0B6B07A32BE6363900E25AC6 /* dontdieinmarsNanoTests.swift */; };
		0B6B07AE2BE6363900E25AC6 /* dontdieinmarsNanoUITests.swift in Sources */ = {isa = PBXBuildFile; fileRef = 0B6B07AD2BE6363900E25AC6 /* dontdieinmarsNanoUITests.swift */; };
		0B6B07B02BE6363900E25AC6 /* dontdieinmarsNanoUITestsLaunchTests.swift in Sources */ = {isa = PBXBuildFile; fileRef = 0B6B07AF2BE6363900E25AC6 /* dontdieinmarsNanoUITestsLaunchTests.swift */; };
/* End PBXBuildFile section */

/* Begin PBXContainerItemProxy section */
		0B6B07A02BE6363900E25AC6 /* PBXContainerItemProxy */ = {
			isa = PBXContainerItemProxy;
			containerPortal = 0B6B07872BE6363800E25AC6 /* Project object */;
			proxyType = 1;
			remoteGlobalIDString = 0B6B078E2BE6363800E25AC6;
			remoteInfo = dontdieinmarsNano;
		};
		0B6B07AA2BE6363900E25AC6 /* PBXContainerItemProxy */ = {
			isa = PBXContainerItemProxy;
			containerPortal = 0B6B07872BE6363800E25AC6 /* Project object */;
			proxyType = 1;
			remoteGlobalIDString = 0B6B078E2BE6363800E25AC6;
			remoteInfo = dontdieinmarsNano;
		};
/* End PBXContainerItemProxy section */

/* Begin PBXFileReference section */
		0B209AD92BE64181008C6E8C /* IntroScene.swift */ = {isa = PBXFileReference; lastKnownFileType = sourcecode.swift; path = IntroScene.swift; sourceTree = "<group>"; };
		0B209ADB2BE649CB008C6E8C /* space-ambient.mp3 */ = {isa = PBXFileReference; lastKnownFileType = audio.mp3; path = "space-ambient.mp3"; sourceTree = "<group>"; };
		0B209ADD2BE64AFC008C6E8C /* TransitionDustScene.swift */ = {isa = PBXFileReference; lastKnownFileType = sourcecode.swift; path = TransitionDustScene.swift; sourceTree = "<group>"; };
		0B209ADF2BE64BE7008C6E8C /* strom-desert.mp3 */ = {isa = PBXFileReference; lastKnownFileType = audio.mp3; path = "strom-desert.mp3"; sourceTree = "<group>"; };
		0B6B078F2BE6363800E25AC6 /* dontdieinmarsNano.app */ = {isa = PBXFileReference; explicitFileType = wrapper.application; includeInIndex = 0; path = dontdieinmarsNano.app; sourceTree = BUILT_PRODUCTS_DIR; };
		0B6B07922BE6363800E25AC6 /* dontdieinmarsNanoApp.swift */ = {isa = PBXFileReference; lastKnownFileType = sourcecode.swift; path = dontdieinmarsNanoApp.swift; sourceTree = "<group>"; };
		0B6B07942BE6363800E25AC6 /* ContentView.swift */ = {isa = PBXFileReference; lastKnownFileType = sourcecode.swift; path = ContentView.swift; sourceTree = "<group>"; };
		0B6B07962BE6363900E25AC6 /* Assets.xcassets */ = {isa = PBXFileReference; lastKnownFileType = folder.assetcatalog; path = Assets.xcassets; sourceTree = "<group>"; };
		0B6B07992BE6363900E25AC6 /* Preview Assets.xcassets */ = {isa = PBXFileReference; lastKnownFileType = folder.assetcatalog; path = "Preview Assets.xcassets"; sourceTree = "<group>"; };
		0B6B079F2BE6363900E25AC6 /* dontdieinmarsNanoTests.xctest */ = {isa = PBXFileReference; explicitFileType = wrapper.cfbundle; includeInIndex = 0; path = dontdieinmarsNanoTests.xctest; sourceTree = BUILT_PRODUCTS_DIR; };
		0B6B07A32BE6363900E25AC6 /* dontdieinmarsNanoTests.swift */ = {isa = PBXFileReference; lastKnownFileType = sourcecode.swift; path = dontdieinmarsNanoTests.swift; sourceTree = "<group>"; };
		0B6B07A92BE6363900E25AC6 /* dontdieinmarsNanoUITests.xctest */ = {isa = PBXFileReference; explicitFileType = wrapper.cfbundle; includeInIndex = 0; path = dontdieinmarsNanoUITests.xctest; sourceTree = BUILT_PRODUCTS_DIR; };
		0B6B07AD2BE6363900E25AC6 /* dontdieinmarsNanoUITests.swift */ = {isa = PBXFileReference; lastKnownFileType = sourcecode.swift; path = dontdieinmarsNanoUITests.swift; sourceTree = "<group>"; };
		0B6B07AF2BE6363900E25AC6 /* dontdieinmarsNanoUITestsLaunchTests.swift */ = {isa = PBXFileReference; lastKnownFileType = sourcecode.swift; path = dontdieinmarsNanoUITestsLaunchTests.swift; sourceTree = "<group>"; };
/* End PBXFileReference section */

/* Begin PBXFrameworksBuildPhase section */
		0B6B078C2BE6363800E25AC6 /* Frameworks */ = {
			isa = PBXFrameworksBuildPhase;
			buildActionMask = 2147483647;
			files = (
			);
			runOnlyForDeploymentPostprocessing = 0;
		};
		0B6B079C2BE6363900E25AC6 /* Frameworks */ = {
			isa = PBXFrameworksBuildPhase;
			buildActionMask = 2147483647;
			files = (
			);
			runOnlyForDeploymentPostprocessing = 0;
		};
		0B6B07A62BE6363900E25AC6 /* Frameworks */ = {
			isa = PBXFrameworksBuildPhase;
			buildActionMask = 2147483647;
			files = (
			);
			runOnlyForDeploymentPostprocessing = 0;
		};
/* End PBXFrameworksBuildPhase section */

/* Begin PBXGroup section */
		0B6B07862BE6363800E25AC6 = {
			isa = PBXGroup;
			children = (
				0B6B07912BE6363800E25AC6 /* dontdieinmarsNano */,
				0B6B07A22BE6363900E25AC6 /* dontdieinmarsNanoTests */,
				0B6B07AC2BE6363900E25AC6 /* dontdieinmarsNanoUITests */,
				0B6B07902BE6363800E25AC6 /* Products */,
			);
			sourceTree = "<group>";
		};
		0B6B07902BE6363800E25AC6 /* Products */ = {
			isa = PBXGroup;
			children = (
				0B6B078F2BE6363800E25AC6 /* dontdieinmarsNano.app */,
				0B6B079F2BE6363900E25AC6 /* dontdieinmarsNanoTests.xctest */,
				0B6B07A92BE6363900E25AC6 /* dontdieinmarsNanoUITests.xctest */,
			);
			name = Products;
			sourceTree = "<group>";
		};
		0B6B07912BE6363800E25AC6 /* dontdieinmarsNano */ = {
			isa = PBXGroup;
			children = (
				0B209ADB2BE649CB008C6E8C /* space-ambient.mp3 */,
				0B209ADF2BE64BE7008C6E8C /* strom-desert.mp3 */,
				0B6B07922BE6363800E25AC6 /* dontdieinmarsNanoApp.swift */,
				0B6B07942BE6363800E25AC6 /* ContentView.swift */,
				0B6B07962BE6363900E25AC6 /* Assets.xcassets */,
				0B6B07982BE6363900E25AC6 /* Preview Content */,
				0B209AD92BE64181008C6E8C /* IntroScene.swift */,
				0B209ADD2BE64AFC008C6E8C /* TransitionDustScene.swift */,
			);
			path = dontdieinmarsNano;
			sourceTree = "<group>";
		};
		0B6B07982BE6363900E25AC6 /* Preview Content */ = {
			isa = PBXGroup;
			children = (
				0B6B07992BE6363900E25AC6 /* Preview Assets.xcassets */,
			);
			path = "Preview Content";
			sourceTree = "<group>";
		};
		0B6B07A22BE6363900E25AC6 /* dontdieinmarsNanoTests */ = {
			isa = PBXGroup;
			children = (
				0B6B07A32BE6363900E25AC6 /* dontdieinmarsNanoTests.swift */,
			);
			path = dontdieinmarsNanoTests;
			sourceTree = "<group>";
		};
		0B6B07AC2BE6363900E25AC6 /* dontdieinmarsNanoUITests */ = {
			isa = PBXGroup;
			children = (
				0B6B07AD2BE6363900E25AC6 /* dontdieinmarsNanoUITests.swift */,
				0B6B07AF2BE6363900E25AC6 /* dontdieinmarsNanoUITestsLaunchTests.swift */,
			);
			path = dontdieinmarsNanoUITests;
			sourceTree = "<group>";
		};
/* End PBXGroup section */

/* Begin PBXNativeTarget section */
		0B6B078E2BE6363800E25AC6 /* dontdieinmarsNano */ = {
			isa = PBXNativeTarget;
			buildConfigurationList = 0B6B07B32BE6363900E25AC6 /* Build configuration list for PBXNativeTarget "dontdieinmarsNano" */;
			buildPhases = (
				0B6B078B2BE6363800E25AC6 /* Sources */,
				0B6B078C2BE6363800E25AC6 /* Frameworks */,
				0B6B078D2BE6363800E25AC6 /* Resources */,
			);
			buildRules = (
			);
			dependencies = (
			);
			name = dontdieinmarsNano;
			productName = dontdieinmarsNano;
			productReference = 0B6B078F2BE6363800E25AC6 /* dontdieinmarsNano.app */;
			productType = "com.apple.product-type.application";
		};
		0B6B079E2BE6363900E25AC6 /* dontdieinmarsNanoTests */ = {
			isa = PBXNativeTarget;
			buildConfigurationList = 0B6B07B62BE6363900E25AC6 /* Build configuration list for PBXNativeTarget "dontdieinmarsNanoTests" */;
			buildPhases = (
				0B6B079B2BE6363900E25AC6 /* Sources */,
				0B6B079C2BE6363900E25AC6 /* Frameworks */,
				0B6B079D2BE6363900E25AC6 /* Resources */,
			);
			buildRules = (
			);
			dependencies = (
				0B6B07A12BE6363900E25AC6 /* PBXTargetDependency */,
			);
			name = dontdieinmarsNanoTests;
			productName = dontdieinmarsNanoTests;
			productReference = 0B6B079F2BE6363900E25AC6 /* dontdieinmarsNanoTests.xctest */;
			productType = "com.apple.product-type.bundle.unit-test";
		};
		0B6B07A82BE6363900E25AC6 /* dontdieinmarsNanoUITests */ = {
			isa = PBXNativeTarget;
			buildConfigurationList = 0B6B07B92BE6363900E25AC6 /* Build configuration list for PBXNativeTarget "dontdieinmarsNanoUITests" */;
			buildPhases = (
				0B6B07A52BE6363900E25AC6 /* Sources */,
				0B6B07A62BE6363900E25AC6 /* Frameworks */,
				0B6B07A72BE6363900E25AC6 /* Resources */,
			);
			buildRules = (
			);
			dependencies = (
				0B6B07AB2BE6363900E25AC6 /* PBXTargetDependency */,
			);
			name = dontdieinmarsNanoUITests;
			productName = dontdieinmarsNanoUITests;
			productReference = 0B6B07A92BE6363900E25AC6 /* dontdieinmarsNanoUITests.xctest */;
			productType = "com.apple.product-type.bundle.ui-testing";
		};
/* End PBXNativeTarget section */

/* Begin PBXProject section */
		0B6B07872BE6363800E25AC6 /* Project object */ = {
			isa = PBXProject;
			attributes = {
				BuildIndependentTargetsInParallel = 1;
				LastSwiftUpdateCheck = 1530;
				LastUpgradeCheck = 1530;
				TargetAttributes = {
					0B6B078E2BE6363800E25AC6 = {
						CreatedOnToolsVersion = 15.3;
					};
					0B6B079E2BE6363900E25AC6 = {
						CreatedOnToolsVersion = 15.3;
						TestTargetID = 0B6B078E2BE6363800E25AC6;
					};
					0B6B07A82BE6363900E25AC6 = {
						CreatedOnToolsVersion = 15.3;
						TestTargetID = 0B6B078E2BE6363800E25AC6;
					};
				};
			};
			buildConfigurationList = 0B6B078A2BE6363800E25AC6 /* Build configuration list for PBXProject "dontdieinmarsNano" */;
			compatibilityVersion = "Xcode 14.0";
			developmentRegion = en;
			hasScannedForEncodings = 0;
			knownRegions = (
				en,
				Base,
			);
			mainGroup = 0B6B07862BE6363800E25AC6;
			productRefGroup = 0B6B07902BE6363800E25AC6 /* Products */;
			projectDirPath = "";
			projectRoot = "";
			targets = (
				0B6B078E2BE6363800E25AC6 /* dontdieinmarsNano */,
				0B6B079E2BE6363900E25AC6 /* dontdieinmarsNanoTests */,
				0B6B07A82BE6363900E25AC6 /* dontdieinmarsNanoUITests */,
			);
		};
/* End PBXProject section */

/* Begin PBXResourcesBuildPhase section */
		0B6B078D2BE6363800E25AC6 /* Resources */ = {
			isa = PBXResourcesBuildPhase;
			buildActionMask = 2147483647;
			files = (
				0B6B079A2BE6363900E25AC6 /* Preview Assets.xcassets in Resources */,
				0B209ADC2BE649CB008C6E8C /* space-ambient.mp3 in Resources */,
				0B6B07972BE6363900E25AC6 /* Assets.xcassets in Resources */,
				0B209AE02BE64BE7008C6E8C /* strom-desert.mp3 in Resources */,
			);
			runOnlyForDeploymentPostprocessing = 0;
		};
		0B6B079D2BE6363900E25AC6 /* Resources */ = {
			isa = PBXResourcesBuildPhase;
			buildActionMask = 2147483647;
			files = (
			);
			runOnlyForDeploymentPostprocessing = 0;
		};
		0B6B07A72BE6363900E25AC6 /* Resources */ = {
			isa = PBXResourcesBuildPhase;
			buildActionMask = 2147483647;
			files = (
			);
			runOnlyForDeploymentPostprocessing = 0;
		};
/* End PBXResourcesBuildPhase section */

/* Begin PBXSourcesBuildPhase section */
		0B6B078B2BE6363800E25AC6 /* Sources */ = {
			isa = PBXSourcesBuildPhase;
			buildActionMask = 2147483647;
			files = (
				0B6B07952BE6363800E25AC6 /* ContentView.swift in Sources */,
				0B209ADE2BE64AFC008C6E8C /* TransitionDustScene.swift in Sources */,
				0B209ADA2BE64181008C6E8C /* IntroScene.swift in Sources */,
				0B6B07932BE6363800E25AC6 /* dontdieinmarsNanoApp.swift in Sources */,
			);
			runOnlyForDeploymentPostprocessing = 0;
		};
		0B6B079B2BE6363900E25AC6 /* Sources */ = {
			isa = PBXSourcesBuildPhase;
			buildActionMask = 2147483647;
			files = (
				0B6B07A42BE6363900E25AC6 /* dontdieinmarsNanoTests.swift in Sources */,
			);
			runOnlyForDeploymentPostprocessing = 0;
		};
		0B6B07A52BE6363900E25AC6 /* Sources */ = {
			isa = PBXSourcesBuildPhase;
			buildActionMask = 2147483647;
			files = (
				0B6B07B02BE6363900E25AC6 /* dontdieinmarsNanoUITestsLaunchTests.swift in Sources */,
				0B6B07AE2BE6363900E25AC6 /* dontdieinmarsNanoUITests.swift in Sources */,
			);
			runOnlyForDeploymentPostprocessing = 0;
		};
/* End PBXSourcesBuildPhase section */

/* Begin PBXTargetDependency section */
		0B6B07A12BE6363900E25AC6 /* PBXTargetDependency */ = {
			isa = PBXTargetDependency;
			target = 0B6B078E2BE6363800E25AC6 /* dontdieinmarsNano */;
			targetProxy = 0B6B07A02BE6363900E25AC6 /* PBXContainerItemProxy */;
		};
		0B6B07AB2BE6363900E25AC6 /* PBXTargetDependency */ = {
			isa = PBXTargetDependency;
			target = 0B6B078E2BE6363800E25AC6 /* dontdieinmarsNano */;
			targetProxy = 0B6B07AA2BE6363900E25AC6 /* PBXContainerItemProxy */;
		};
/* End PBXTargetDependency section */

/* Begin XCBuildConfiguration section */
		0B6B07B12BE6363900E25AC6 /* Debug */ = {
			isa = XCBuildConfiguration;
			buildSettings = {
				ALWAYS_SEARCH_USER_PATHS = NO;
				ASSETCATALOG_COMPILER_GENERATE_SWIFT_ASSET_SYMBOL_EXTENSIONS = YES;
				CLANG_ANALYZER_NONNULL = YES;
				CLANG_ANALYZER_NUMBER_OBJECT_CONVERSION = YES_AGGRESSIVE;
				CLANG_CXX_LANGUAGE_STANDARD = "gnu++20";
				CLANG_ENABLE_MODULES = YES;
				CLANG_ENABLE_OBJC_ARC = YES;
				CLANG_ENABLE_OBJC_WEAK = YES;
				CLANG_WARN_BLOCK_CAPTURE_AUTORELEASING = YES;
				CLANG_WARN_BOOL_CONVERSION = YES;
				CLANG_WARN_COMMA = YES;
				CLANG_WARN_CONSTANT_CONVERSION = YES;
				CLANG_WARN_DEPRECATED_OBJC_IMPLEMENTATIONS = YES;
				CLANG_WARN_DIRECT_OBJC_ISA_USAGE = YES_ERROR;
				CLANG_WARN_DOCUMENTATION_COMMENTS = YES;
				CLANG_WARN_EMPTY_BODY = YES;
				CLANG_WARN_ENUM_CONVERSION = YES;
				CLANG_WARN_INFINITE_RECURSION = YES;
				CLANG_WARN_INT_CONVERSION = YES;
				CLANG_WARN_NON_LITERAL_NULL_CONVERSION = YES;
				CLANG_WARN_OBJC_IMPLICIT_RETAIN_SELF = YES;
				CLANG_WARN_OBJC_LITERAL_CONVERSION = YES;
				CLANG_WARN_OBJC_ROOT_CLASS = YES_ERROR;
				CLANG_WARN_QUOTED_INCLUDE_IN_FRAMEWORK_HEADER = YES;
				CLANG_WARN_RANGE_LOOP_ANALYSIS = YES;
				CLANG_WARN_STRICT_PROTOTYPES = YES;
				CLANG_WARN_SUSPICIOUS_MOVE = YES;
				CLANG_WARN_UNGUARDED_AVAILABILITY = YES_AGGRESSIVE;
				CLANG_WARN_UNREACHABLE_CODE = YES;
				CLANG_WARN__DUPLICATE_METHOD_MATCH = YES;
				COPY_PHASE_STRIP = NO;
				DEBUG_INFORMATION_FORMAT = dwarf;
				ENABLE_STRICT_OBJC_MSGSEND = YES;
				ENABLE_TESTABILITY = YES;
				ENABLE_USER_SCRIPT_SANDBOXING = YES;
				GCC_C_LANGUAGE_STANDARD = gnu17;
				GCC_DYNAMIC_NO_PIC = NO;
				GCC_NO_COMMON_BLOCKS = YES;
				GCC_OPTIMIZATION_LEVEL = 0;
				GCC_PREPROCESSOR_DEFINITIONS = (
					"DEBUG=1",
					"$(inherited)",
				);
				GCC_WARN_64_TO_32_BIT_CONVERSION = YES;
				GCC_WARN_ABOUT_RETURN_TYPE = YES_ERROR;
				GCC_WARN_UNDECLARED_SELECTOR = YES;
				GCC_WARN_UNINITIALIZED_AUTOS = YES_AGGRESSIVE;
				GCC_WARN_UNUSED_FUNCTION = YES;
				GCC_WARN_UNUSED_VARIABLE = YES;
				IPHONEOS_DEPLOYMENT_TARGET = 17.4;
				LOCALIZATION_PREFERS_STRING_CATALOGS = YES;
				MTL_ENABLE_DEBUG_INFO = INCLUDE_SOURCE;
				MTL_FAST_MATH = YES;
				ONLY_ACTIVE_ARCH = YES;
				SDKROOT = iphoneos;
				SWIFT_ACTIVE_COMPILATION_CONDITIONS = "DEBUG $(inherited)";
				SWIFT_OPTIMIZATION_LEVEL = "-Onone";
			};
			name = Debug;
		};
		0B6B07B22BE6363900E25AC6 /* Release */ = {
			isa = XCBuildConfiguration;
			buildSettings = {
				ALWAYS_SEARCH_USER_PATHS = NO;
				ASSETCATALOG_COMPILER_GENERATE_SWIFT_ASSET_SYMBOL_EXTENSIONS = YES;
				CLANG_ANALYZER_NONNULL = YES;
				CLANG_ANALYZER_NUMBER_OBJECT_CONVERSION = YES_AGGRESSIVE;
				CLANG_CXX_LANGUAGE_STANDARD = "gnu++20";
				CLANG_ENABLE_MODULES = YES;
				CLANG_ENABLE_OBJC_ARC = YES;
				CLANG_ENABLE_OBJC_WEAK = YES;
				CLANG_WARN_BLOCK_CAPTURE_AUTORELEASING = YES;
				CLANG_WARN_BOOL_CONVERSION = YES;
				CLANG_WARN_COMMA = YES;
				CLANG_WARN_CONSTANT_CONVERSION = YES;
				CLANG_WARN_DEPRECATED_OBJC_IMPLEMENTATIONS = YES;
				CLANG_WARN_DIRECT_OBJC_ISA_USAGE = YES_ERROR;
				CLANG_WARN_DOCUMENTATION_COMMENTS = YES;
				CLANG_WARN_EMPTY_BODY = YES;
				CLANG_WARN_ENUM_CONVERSION = YES;
				CLANG_WARN_INFINITE_RECURSION = YES;
				CLANG_WARN_INT_CONVERSION = YES;
				CLANG_WARN_NON_LITERAL_NULL_CONVERSION = YES;
				CLANG_WARN_OBJC_IMPLICIT_RETAIN_SELF = YES;
				CLANG_WARN_OBJC_LITERAL_CONVERSION = YES;
				CLANG_WARN_OBJC_ROOT_CLASS = YES_ERROR;
				CLANG_WARN_QUOTED_INCLUDE_IN_FRAMEWORK_HEADER = YES;
				CLANG_WARN_RANGE_LOOP_ANALYSIS = YES;
				CLANG_WARN_STRICT_PROTOTYPES = YES;
				CLANG_WARN_SUSPICIOUS_MOVE = YES;
				CLANG_WARN_UNGUARDED_AVAILABILITY = YES_AGGRESSIVE;
				CLANG_WARN_UNREACHABLE_CODE = YES;
				CLANG_WARN__DUPLICATE_METHOD_MATCH = YES;
				COPY_PHASE_STRIP = NO;
				DEBUG_INFORMATION_FORMAT = "dwarf-with-dsym";
				ENABLE_NS_ASSERTIONS = NO;
				ENABLE_STRICT_OBJC_MSGSEND = YES;
				ENABLE_USER_SCRIPT_SANDBOXING = YES;
				GCC_C_LANGUAGE_STANDARD = gnu17;
				GCC_NO_COMMON_BLOCKS = YES;
				GCC_WARN_64_TO_32_BIT_CONVERSION = YES;
				GCC_WARN_ABOUT_RETURN_TYPE = YES_ERROR;
				GCC_WARN_UNDECLARED_SELECTOR = YES;
				GCC_WARN_UNINITIALIZED_AUTOS = YES_AGGRESSIVE;
				GCC_WARN_UNUSED_FUNCTION = YES;
				GCC_WARN_UNUSED_VARIABLE = YES;
				IPHONEOS_DEPLOYMENT_TARGET = 17.4;
				LOCALIZATION_PREFERS_STRING_CATALOGS = YES;
				MTL_ENABLE_DEBUG_INFO = NO;
				MTL_FAST_MATH = YES;
				SDKROOT = iphoneos;
				SWIFT_COMPILATION_MODE = wholemodule;
				VALIDATE_PRODUCT = YES;
			};
			name = Release;
		};
		0B6B07B42BE6363900E25AC6 /* Debug */ = {
			isa = XCBuildConfiguration;
			buildSettings = {
				ASSETCATALOG_COMPILER_APPICON_NAME = AppIcon;
				ASSETCATALOG_COMPILER_GLOBAL_ACCENT_COLOR_NAME = AccentColor;
				CODE_SIGN_STYLE = Automatic;
				CURRENT_PROJECT_VERSION = 1;
				DEVELOPMENT_ASSET_PATHS = "\"dontdieinmarsNano/Preview Content\"";
				ENABLE_PREVIEWS = YES;
				GENERATE_INFOPLIST_FILE = YES;
				INFOPLIST_KEY_UIApplicationSceneManifest_Generation = YES;
				INFOPLIST_KEY_UIApplicationSupportsIndirectInputEvents = YES;
				INFOPLIST_KEY_UILaunchScreen_Generation = YES;
				INFOPLIST_KEY_UISupportedInterfaceOrientations_iPad = "UIInterfaceOrientationPortrait UIInterfaceOrientationPortraitUpsideDown UIInterfaceOrientationLandscapeLeft UIInterfaceOrientationLandscapeRight";
				INFOPLIST_KEY_UISupportedInterfaceOrientations_iPhone = "UIInterfaceOrientationPortrait UIInterfaceOrientationLandscapeLeft UIInterfaceOrientationLandscapeRight";
				LD_RUNPATH_SEARCH_PATHS = (
					"$(inherited)",
					"@executable_path/Frameworks",
				);
				MARKETING_VERSION = 1.0;
				PRODUCT_BUNDLE_IDENTIFIER = rio.dontdieinmarsNano;
				PRODUCT_NAME = "$(TARGET_NAME)";
				SWIFT_EMIT_LOC_STRINGS = YES;
				SWIFT_VERSION = 5.0;
				TARGETED_DEVICE_FAMILY = "1,2";
			};
			name = Debug;
		};
		0B6B07B52BE6363900E25AC6 /* Release */ = {
			isa = XCBuildConfiguration;
			buildSettings = {
				ASSETCATALOG_COMPILER_APPICON_NAME = AppIcon;
				ASSETCATALOG_COMPILER_GLOBAL_ACCENT_COLOR_NAME = AccentColor;
				CODE_SIGN_STYLE = Automatic;
				CURRENT_PROJECT_VERSION = 1;
				DEVELOPMENT_ASSET_PATHS = "\"dontdieinmarsNano/Preview Content\"";
				ENABLE_PREVIEWS = YES;
				GENERATE_INFOPLIST_FILE = YES;
				INFOPLIST_KEY_UIApplicationSceneManifest_Generation = YES;
				INFOPLIST_KEY_UIApplicationSupportsIndirectInputEvents = YES;
				INFOPLIST_KEY_UILaunchScreen_Generation = YES;
				INFOPLIST_KEY_UISupportedInterfaceOrientations_iPad = "UIInterfaceOrientationPortrait UIInterfaceOrientationPortraitUpsideDown UIInterfaceOrientationLandscapeLeft UIInterfaceOrientationLandscapeRight";
				INFOPLIST_KEY_UISupportedInterfaceOrientations_iPhone = "UIInterfaceOrientationPortrait UIInterfaceOrientationLandscapeLeft UIInterfaceOrientationLandscapeRight";
				LD_RUNPATH_SEARCH_PATHS = (
					"$(inherited)",
					"@executable_path/Frameworks",
				);
				MARKETING_VERSION = 1.0;
				PRODUCT_BUNDLE_IDENTIFIER = rio.dontdieinmarsNano;
				PRODUCT_NAME = "$(TARGET_NAME)";
				SWIFT_EMIT_LOC_STRINGS = YES;
				SWIFT_VERSION = 5.0;
				TARGETED_DEVICE_FAMILY = "1,2";
			};
			name = Release;
		};
		0B6B07B72BE6363900E25AC6 /* Debug */ = {
			isa = XCBuildConfiguration;
			buildSettings = {
				ALWAYS_EMBED_SWIFT_STANDARD_LIBRARIES = YES;
				BUNDLE_LOADER = "$(TEST_HOST)";
				CODE_SIGN_STYLE = Automatic;
				CURRENT_PROJECT_VERSION = 1;
				GENERATE_INFOPLIST_FILE = YES;
				IPHONEOS_DEPLOYMENT_TARGET = 17.4;
				MARKETING_VERSION = 1.0;
				PRODUCT_BUNDLE_IDENTIFIER = rio.dontdieinmarsNanoTests;
				PRODUCT_NAME = "$(TARGET_NAME)";
				SWIFT_EMIT_LOC_STRINGS = NO;
				SWIFT_VERSION = 5.0;
				TARGETED_DEVICE_FAMILY = "1,2";
				TEST_HOST = "$(BUILT_PRODUCTS_DIR)/dontdieinmarsNano.app/$(BUNDLE_EXECUTABLE_FOLDER_PATH)/dontdieinmarsNano";
			};
			name = Debug;
		};
		0B6B07B82BE6363900E25AC6 /* Release */ = {
			isa = XCBuildConfiguration;
			buildSettings = {
				ALWAYS_EMBED_SWIFT_STANDARD_LIBRARIES = YES;
				BUNDLE_LOADER = "$(TEST_HOST)";
				CODE_SIGN_STYLE = Automatic;
				CURRENT_PROJECT_VERSION = 1;
				GENERATE_INFOPLIST_FILE = YES;
				IPHONEOS_DEPLOYMENT_TARGET = 17.4;
				MARKETING_VERSION = 1.0;
				PRODUCT_BUNDLE_IDENTIFIER = rio.dontdieinmarsNanoTests;
				PRODUCT_NAME = "$(TARGET_NAME)";
				SWIFT_EMIT_LOC_STRINGS = NO;
				SWIFT_VERSION = 5.0;
				TARGETED_DEVICE_FAMILY = "1,2";
				TEST_HOST = "$(BUILT_PRODUCTS_DIR)/dontdieinmarsNano.app/$(BUNDLE_EXECUTABLE_FOLDER_PATH)/dontdieinmarsNano";
			};
			name = Release;
		};
		0B6B07BA2BE6363900E25AC6 /* Debug */ = {
			isa = XCBuildConfiguration;
			buildSettings = {
				ALWAYS_EMBED_SWIFT_STANDARD_LIBRARIES = YES;
				CODE_SIGN_STYLE = Automatic;
				CURRENT_PROJECT_VERSION = 1;
				GENERATE_INFOPLIST_FILE = YES;
				MARKETING_VERSION = 1.0;
				PRODUCT_BUNDLE_IDENTIFIER = rio.dontdieinmarsNanoUITests;
				PRODUCT_NAME = "$(TARGET_NAME)";
				SWIFT_EMIT_LOC_STRINGS = NO;
				SWIFT_VERSION = 5.0;
				TARGETED_DEVICE_FAMILY = "1,2";
				TEST_TARGET_NAME = dontdieinmarsNano;
			};
			name = Debug;
		};
		0B6B07BB2BE6363900E25AC6 /* Release */ = {
			isa = XCBuildConfiguration;
			buildSettings = {
				ALWAYS_EMBED_SWIFT_STANDARD_LIBRARIES = YES;
				CODE_SIGN_STYLE = Automatic;
				CURRENT_PROJECT_VERSION = 1;
				GENERATE_INFOPLIST_FILE = YES;
				MARKETING_VERSION = 1.0;
				PRODUCT_BUNDLE_IDENTIFIER = rio.dontdieinmarsNanoUITests;
				PRODUCT_NAME = "$(TARGET_NAME)";
				SWIFT_EMIT_LOC_STRINGS = NO;
				SWIFT_VERSION = 5.0;
				TARGETED_DEVICE_FAMILY = "1,2";
				TEST_TARGET_NAME = dontdieinmarsNano;
			};
			name = Release;
		};
/* End XCBuildConfiguration section */

/* Begin XCConfigurationList section */
		0B6B078A2BE6363800E25AC6 /* Build configuration list for PBXProject "dontdieinmarsNano" */ = {
			isa = XCConfigurationList;
			buildConfigurations = (
				0B6B07B12BE6363900E25AC6 /* Debug */,
				0B6B07B22BE6363900E25AC6 /* Release */,
			);
			defaultConfigurationIsVisible = 0;
			defaultConfigurationName = Release;
		};
		0B6B07B32BE6363900E25AC6 /* Build configuration list for PBXNativeTarget "dontdieinmarsNano" */ = {
			isa = XCConfigurationList;
			buildConfigurations = (
				0B6B07B42BE6363900E25AC6 /* Debug */,
				0B6B07B52BE6363900E25AC6 /* Release */,
			);
			defaultConfigurationIsVisible = 0;
			defaultConfigurationName = Release;
		};
		0B6B07B62BE6363900E25AC6 /* Build configuration list for PBXNativeTarget "dontdieinmarsNanoTests" */ = {
			isa = XCConfigurationList;
			buildConfigurations = (
				0B6B07B72BE6363900E25AC6 /* Debug */,
				0B6B07B82BE6363900E25AC6 /* Release */,
			);
			defaultConfigurationIsVisible = 0;
			defaultConfigurationName = Release;
		};
		0B6B07B92BE6363900E25AC6 /* Build configuration list for PBXNativeTarget "dontdieinmarsNanoUITests" */ = {
			isa = XCConfigurationList;
			buildConfigurations = (
				0B6B07BA2BE6363900E25AC6 /* Debug */,
				0B6B07BB2BE6363900E25AC6 /* Release */,
			);
			defaultConfigurationIsVisible = 0;
			defaultConfigurationName = Release;
		};
/* End XCConfigurationList section */
	};
	rootObject = 0B6B07872BE6363800E25AC6 /* Project object */;
}
